{
  "requires": true,
  "lockfileVersion": 1,
  "dependencies": {
    "react-csv": {
      "version": "1.0.17",
      "resolved": "https://registry.npmjs.org/react-csv/-/react-csv-1.0.17.tgz",
      "integrity": "sha512-WhV/k0iZ5WCoeHoDCCyVuhXvFsNgAP4K1aaCAaK44/KeqACMuoA/iPvt2ScOa8Fr+JnfohpOXYIHDKwLULk8ew=="
    }
  }
}
